// !$*UTF8*$!
{
	archiveVersion = 1;
	classes = {
	};
	objectVersion = 52;
	objects = {

/* Begin PBXBuildFile section */
		280A8CC82646379E00EF601E /* RecommendationViewController.swift in Sources */ = {isa = PBXBuildFile; fileRef = 280A8CC72646379E00EF601E /* RecommendationViewController.swift */; };
		280A8CCB26463FE200EF601E /* PodcastCollectionViewCell.swift in Sources */ = {isa = PBXBuildFile; fileRef = 280A8CCA26463FE200EF601E /* PodcastCollectionViewCell.swift */; };
		280A8CD32646A1AF00EF601E /* ListOfPodcastData.swift in Sources */ = {isa = PBXBuildFile; fileRef = 280A8CD22646A1AF00EF601E /* ListOfPodcastData.swift */; };
		280D52D02653A92400E9C845 /* CommentHeader.swift in Sources */ = {isa = PBXBuildFile; fileRef = 280D52CF2653A92400E9C845 /* CommentHeader.swift */; };
		281B8C9D263CDBA700BFFE61 /* SearchResultData.swift in Sources */ = {isa = PBXBuildFile; fileRef = 281B8C9C263CDBA700BFFE61 /* SearchResultData.swift */; };
		281B8CA0263CDC5100BFFE61 /* EpisodeData.swift in Sources */ = {isa = PBXBuildFile; fileRef = 281B8C9F263CDC5100BFFE61 /* EpisodeData.swift */; };
		281B8CA8263D479400BFFE61 /* PodcastData.swift in Sources */ = {isa = PBXBuildFile; fileRef = 281B8CA7263D479400BFFE61 /* PodcastData.swift */; };
		28678B4E264B73FD00C3681A /* ForumChannel.swift in Sources */ = {isa = PBXBuildFile; fileRef = 28678B4D264B73FD00C3681A /* ForumChannel.swift */; };
		28A6DD532649169F004F5ECA /* SettingsTableViewCell.swift in Sources */ = {isa = PBXBuildFile; fileRef = 28A6DD522649169F004F5ECA /* SettingsTableViewCell.swift */; };
		28A6DD57264931B9004F5ECA /* CreateAccountViewController.swift in Sources */ = {isa = PBXBuildFile; fileRef = 28A6DD56264931B9004F5ECA /* CreateAccountViewController.swift */; };
		28A6DD5E26494ABC004F5ECA /* ForumViewController.swift in Sources */ = {isa = PBXBuildFile; fileRef = 28A6DD5D26494ABC004F5ECA /* ForumViewController.swift */; };
		28A6DD6126494B00004F5ECA /* ForumTableViewCell.swift in Sources */ = {isa = PBXBuildFile; fileRef = 28A6DD6026494B00004F5ECA /* ForumTableViewCell.swift */; };
		28BCA590263668000068822B /* AppDelegate.swift in Sources */ = {isa = PBXBuildFile; fileRef = 28BCA58F263668000068822B /* AppDelegate.swift */; };
		28BCA592263668000068822B /* SceneDelegate.swift in Sources */ = {isa = PBXBuildFile; fileRef = 28BCA591263668000068822B /* SceneDelegate.swift */; };
		28BCA597263668010068822B /* Main.storyboard in Resources */ = {isa = PBXBuildFile; fileRef = 28BCA595263668010068822B /* Main.storyboard */; };
		28BCA599263668090068822B /* Assets.xcassets in Resources */ = {isa = PBXBuildFile; fileRef = 28BCA598263668090068822B /* Assets.xcassets */; };
		28BCA59C263668090068822B /* LaunchScreen.storyboard in Resources */ = {isa = PBXBuildFile; fileRef = 28BCA59A263668090068822B /* LaunchScreen.storyboard */; };
		28BCA5A62636698D0068822B /* HomeTableViewController.swift in Sources */ = {isa = PBXBuildFile; fileRef = 28BCA5A52636698D0068822B /* HomeTableViewController.swift */; };
		28BCA5AA26366BA20068822B /* SearchTableViewController.swift in Sources */ = {isa = PBXBuildFile; fileRef = 28BCA5A926366BA20068822B /* SearchTableViewController.swift */; };
		28BCA5AD26366BD00068822B /* QueueTableViewController.swift in Sources */ = {isa = PBXBuildFile; fileRef = 28BCA5AC26366BD00068822B /* QueueTableViewController.swift */; };
		28BCA5B0263672870068822B /* PodcastInfoViewController.swift in Sources */ = {isa = PBXBuildFile; fileRef = 28BCA5AF263672860068822B /* PodcastInfoViewController.swift */; };
		28BCA5BB263675DE0068822B /* EpisodeInfoViewController.swift in Sources */ = {isa = PBXBuildFile; fileRef = 28BCA5BA263675DE0068822B /* EpisodeInfoViewController.swift */; };
		28BCA5BE26367AF90068822B /* SettingsTableViewController.swift in Sources */ = {isa = PBXBuildFile; fileRef = 28BCA5BD26367AF90068822B /* SettingsTableViewController.swift */; };
		28BCA5C126367CFC0068822B /* PlayerViewController.swift in Sources */ = {isa = PBXBuildFile; fileRef = 28BCA5C026367CFC0068822B /* PlayerViewController.swift */; };
		28BCA5C4263682F10068822B /* EpisodeTableViewCell.swift in Sources */ = {isa = PBXBuildFile; fileRef = 28BCA5C3263682F10068822B /* EpisodeTableViewCell.swift */; };
		28BF9C3F265CE0320083C3D9 /* SpinnerViewController.swift in Sources */ = {isa = PBXBuildFile; fileRef = 28BF9C3E265CE0320083C3D9 /* SpinnerViewController.swift */; };
		28BFC3F7263E34A70084A75A /* FirebaseAuth in Frameworks */ = {isa = PBXBuildFile; productRef = 28BFC3F6263E34A70084A75A /* FirebaseAuth */; };
		28BFC3F9263E34A70084A75A /* FirebaseFirestore in Frameworks */ = {isa = PBXBuildFile; productRef = 28BFC3F8263E34A70084A75A /* FirebaseFirestore */; };
		28BFC3FB263E34A70084A75A /* FirebaseFirestoreSwift-Beta in Frameworks */ = {isa = PBXBuildFile; productRef = 28BFC3FA263E34A70084A75A /* FirebaseFirestoreSwift-Beta */; };
		28BFC3FE263E3BF90084A75A /* GoogleService-Info.plist in Resources */ = {isa = PBXBuildFile; fileRef = 28BFC3FD263E3BF90084A75A /* GoogleService-Info.plist */; };
		28BFC402263E409C0084A75A /* Channel.swift in Sources */ = {isa = PBXBuildFile; fileRef = 28BFC401263E409C0084A75A /* Channel.swift */; };
		28BFC405263E40E10084A75A /* Sender.swift in Sources */ = {isa = PBXBuildFile; fileRef = 28BFC404263E40E10084A75A /* Sender.swift */; };
		28BFC409263E414F0084A75A /* MessageKit in Frameworks */ = {isa = PBXBuildFile; productRef = 28BFC408263E414F0084A75A /* MessageKit */; };
		28BFC40C263E42F50084A75A /* ChatMessage.swift in Sources */ = {isa = PBXBuildFile; fileRef = 28BFC40B263E42F50084A75A /* ChatMessage.swift */; };
		28BFC410263E45620084A75A /* LoginViewController.swift in Sources */ = {isa = PBXBuildFile; fileRef = 28BFC40F263E45620084A75A /* LoginViewController.swift */; };
		28C364B5264F63990069984D /* ChatMessagesViewController.swift in Sources */ = {isa = PBXBuildFile; fileRef = 28C364B4264F63990069984D /* ChatMessagesViewController.swift */; };
		28C364B9264F7BFE0069984D /* ForumComment.swift in Sources */ = {isa = PBXBuildFile; fileRef = 28C364B8264F7BFE0069984D /* ForumComment.swift */; };
		28C3C2AA265B9B41009B9B99 /* PodcastSearchTableViewCell.swift in Sources */ = {isa = PBXBuildFile; fileRef = 28C3C2A9265B9B41009B9B99 /* PodcastSearchTableViewCell.swift */; };
		28D1B8E02658C00700532833 /* Extensions.swift in Sources */ = {isa = PBXBuildFile; fileRef = 28D1B8DF2658C00700532833 /* Extensions.swift */; };
		28DC00C62653AEAF000EF976 /* CommentHeader.xib in Resources */ = {isa = PBXBuildFile; fileRef = 28DC00C52653AEAF000EF976 /* CommentHeader.xib */; };
		28E7D1C72647D66400C22C98 /* AccountViewController.swift in Sources */ = {isa = PBXBuildFile; fileRef = 28E7D1C62647D66400C22C98 /* AccountViewController.swift */; };
		28E7D1CA2647D93800C22C98 /* ChatListTableViewController.swift in Sources */ = {isa = PBXBuildFile; fileRef = 28E7D1C92647D93800C22C98 /* ChatListTableViewController.swift */; };
		28E7D1CE2647D99F00C22C98 /* ChatListTableViewCell.swift in Sources */ = {isa = PBXBuildFile; fileRef = 28E7D1CD2647D99F00C22C98 /* ChatListTableViewCell.swift */; };
		28F7896C26562E60006CF37E /* ReplyViewController.swift in Sources */ = {isa = PBXBuildFile; fileRef = 28F7896B26562E60006CF37E /* ReplyViewController.swift */; };
		CC173DFF266E242200D46ABF /* FollowCollectionViewCell.swift in Sources */ = {isa = PBXBuildFile; fileRef = CC173DFE266E242200D46ABF /* FollowCollectionViewCell.swift */; };
		CC4BD8DA266B921F00A95A6E /* Delegate.swift in Sources */ = {isa = PBXBuildFile; fileRef = CC4BD8D9266B921F00A95A6E /* Delegate.swift */; };
		CC9274A12667937E00ECC83D /* EnterUsernameViewController.swift in Sources */ = {isa = PBXBuildFile; fileRef = CC9274A02667937E00ECC83D /* EnterUsernameViewController.swift */; };
		CC995FFD2670935E0025484B /* EmptyEpisodesTableViewCell.swift in Sources */ = {isa = PBXBuildFile; fileRef = CC995FFC2670935E0025484B /* EmptyEpisodesTableViewCell.swift */; };
		CCA0DA70266B2B470016B95D /* ProfileSearchTableViewController.swift in Sources */ = {isa = PBXBuildFile; fileRef = CCA0DA6F266B2B470016B95D /* ProfileSearchTableViewController.swift */; };
		CCF0817A2670E7D800C44900 /* forgotPasswordViewController.swift in Sources */ = {isa = PBXBuildFile; fileRef = CCF081792670E7D800C44900 /* forgotPasswordViewController.swift */; };
/* End PBXBuildFile section */

/* Begin PBXFileReference section */
		280A8CC72646379E00EF601E /* RecommendationViewController.swift */ = {isa = PBXFileReference; lastKnownFileType = sourcecode.swift; path = RecommendationViewController.swift; sourceTree = "<group>"; };
		280A8CCA26463FE200EF601E /* PodcastCollectionViewCell.swift */ = {isa = PBXFileReference; lastKnownFileType = sourcecode.swift; path = PodcastCollectionViewCell.swift; sourceTree = "<group>"; };
		280A8CD22646A1AF00EF601E /* ListOfPodcastData.swift */ = {isa = PBXFileReference; lastKnownFileType = sourcecode.swift; path = ListOfPodcastData.swift; sourceTree = "<group>"; };
		280D52CF2653A92400E9C845 /* CommentHeader.swift */ = {isa = PBXFileReference; lastKnownFileType = sourcecode.swift; path = CommentHeader.swift; sourceTree = "<group>"; };
		281B8C9C263CDBA700BFFE61 /* SearchResultData.swift */ = {isa = PBXFileReference; lastKnownFileType = sourcecode.swift; path = SearchResultData.swift; sourceTree = "<group>"; };
		281B8C9F263CDC5100BFFE61 /* EpisodeData.swift */ = {isa = PBXFileReference; lastKnownFileType = sourcecode.swift; path = EpisodeData.swift; sourceTree = "<group>"; };
		281B8CA7263D479400BFFE61 /* PodcastData.swift */ = {isa = PBXFileReference; lastKnownFileType = sourcecode.swift; path = PodcastData.swift; sourceTree = "<group>"; };
		28678B4D264B73FD00C3681A /* ForumChannel.swift */ = {isa = PBXFileReference; lastKnownFileType = sourcecode.swift; path = ForumChannel.swift; sourceTree = "<group>"; };
		28A6DD522649169F004F5ECA /* SettingsTableViewCell.swift */ = {isa = PBXFileReference; lastKnownFileType = sourcecode.swift; path = SettingsTableViewCell.swift; sourceTree = "<group>"; };
		28A6DD56264931B9004F5ECA /* CreateAccountViewController.swift */ = {isa = PBXFileReference; lastKnownFileType = sourcecode.swift; path = CreateAccountViewController.swift; sourceTree = "<group>"; };
		28A6DD5D26494ABC004F5ECA /* ForumViewController.swift */ = {isa = PBXFileReference; lastKnownFileType = sourcecode.swift; path = ForumViewController.swift; sourceTree = "<group>"; };
		28A6DD6026494B00004F5ECA /* ForumTableViewCell.swift */ = {isa = PBXFileReference; lastKnownFileType = sourcecode.swift; path = ForumTableViewCell.swift; sourceTree = "<group>"; };
		28BCA58C263668000068822B /* MICHAEL-LAIFU CHHUA-A4-FinalApplication.app */ = {isa = PBXFileReference; explicitFileType = wrapper.application; includeInIndex = 0; path = "MICHAEL-LAIFU CHHUA-A4-FinalApplication.app"; sourceTree = BUILT_PRODUCTS_DIR; };
		28BCA58F263668000068822B /* AppDelegate.swift */ = {isa = PBXFileReference; lastKnownFileType = sourcecode.swift; path = AppDelegate.swift; sourceTree = "<group>"; };
		28BCA591263668000068822B /* SceneDelegate.swift */ = {isa = PBXFileReference; lastKnownFileType = sourcecode.swift; path = SceneDelegate.swift; sourceTree = "<group>"; };
		28BCA596263668010068822B /* Base */ = {isa = PBXFileReference; lastKnownFileType = file.storyboard; name = Base; path = Base.lproj/Main.storyboard; sourceTree = "<group>"; };
		28BCA598263668090068822B /* Assets.xcassets */ = {isa = PBXFileReference; lastKnownFileType = folder.assetcatalog; path = Assets.xcassets; sourceTree = "<group>"; };
		28BCA59B263668090068822B /* Base */ = {isa = PBXFileReference; lastKnownFileType = file.storyboard; name = Base; path = Base.lproj/LaunchScreen.storyboard; sourceTree = "<group>"; };
		28BCA59D263668090068822B /* Info.plist */ = {isa = PBXFileReference; lastKnownFileType = text.plist.xml; path = Info.plist; sourceTree = "<group>"; };
		28BCA5A52636698D0068822B /* HomeTableViewController.swift */ = {isa = PBXFileReference; lastKnownFileType = sourcecode.swift; path = HomeTableViewController.swift; sourceTree = "<group>"; };
		28BCA5A926366BA20068822B /* SearchTableViewController.swift */ = {isa = PBXFileReference; lastKnownFileType = sourcecode.swift; path = SearchTableViewController.swift; sourceTree = "<group>"; };
		28BCA5AC26366BD00068822B /* QueueTableViewController.swift */ = {isa = PBXFileReference; lastKnownFileType = sourcecode.swift; path = QueueTableViewController.swift; sourceTree = "<group>"; };
		28BCA5AF263672860068822B /* PodcastInfoViewController.swift */ = {isa = PBXFileReference; lastKnownFileType = sourcecode.swift; path = PodcastInfoViewController.swift; sourceTree = "<group>"; };
		28BCA5BA263675DE0068822B /* EpisodeInfoViewController.swift */ = {isa = PBXFileReference; lastKnownFileType = sourcecode.swift; path = EpisodeInfoViewController.swift; sourceTree = "<group>"; };
		28BCA5BD26367AF90068822B /* SettingsTableViewController.swift */ = {isa = PBXFileReference; lastKnownFileType = sourcecode.swift; path = SettingsTableViewController.swift; sourceTree = "<group>"; };
		28BCA5C026367CFC0068822B /* PlayerViewController.swift */ = {isa = PBXFileReference; lastKnownFileType = sourcecode.swift; path = PlayerViewController.swift; sourceTree = "<group>"; };
		28BCA5C3263682F10068822B /* EpisodeTableViewCell.swift */ = {isa = PBXFileReference; lastKnownFileType = sourcecode.swift; path = EpisodeTableViewCell.swift; sourceTree = "<group>"; };
		28BF9C3E265CE0320083C3D9 /* SpinnerViewController.swift */ = {isa = PBXFileReference; lastKnownFileType = sourcecode.swift; path = SpinnerViewController.swift; sourceTree = "<group>"; };
		28BFC3FD263E3BF90084A75A /* GoogleService-Info.plist */ = {isa = PBXFileReference; fileEncoding = 4; lastKnownFileType = text.plist.xml; path = "GoogleService-Info.plist"; sourceTree = "<group>"; };
		28BFC401263E409C0084A75A /* Channel.swift */ = {isa = PBXFileReference; lastKnownFileType = sourcecode.swift; path = Channel.swift; sourceTree = "<group>"; };
		28BFC404263E40E10084A75A /* Sender.swift */ = {isa = PBXFileReference; lastKnownFileType = sourcecode.swift; path = Sender.swift; sourceTree = "<group>"; };
		28BFC40B263E42F50084A75A /* ChatMessage.swift */ = {isa = PBXFileReference; lastKnownFileType = sourcecode.swift; path = ChatMessage.swift; sourceTree = "<group>"; };
		28BFC40F263E45620084A75A /* LoginViewController.swift */ = {isa = PBXFileReference; lastKnownFileType = sourcecode.swift; path = LoginViewController.swift; sourceTree = "<group>"; };
		28C364B4264F63990069984D /* ChatMessagesViewController.swift */ = {isa = PBXFileReference; lastKnownFileType = sourcecode.swift; path = ChatMessagesViewController.swift; sourceTree = "<group>"; };
		28C364B8264F7BFE0069984D /* ForumComment.swift */ = {isa = PBXFileReference; lastKnownFileType = sourcecode.swift; path = ForumComment.swift; sourceTree = "<group>"; };
		28C3C2A9265B9B41009B9B99 /* PodcastSearchTableViewCell.swift */ = {isa = PBXFileReference; lastKnownFileType = sourcecode.swift; path = PodcastSearchTableViewCell.swift; sourceTree = "<group>"; };
		28D1B8DF2658C00700532833 /* Extensions.swift */ = {isa = PBXFileReference; lastKnownFileType = sourcecode.swift; path = Extensions.swift; sourceTree = "<group>"; };
		28DC00C52653AEAF000EF976 /* CommentHeader.xib */ = {isa = PBXFileReference; lastKnownFileType = file.xib; path = CommentHeader.xib; sourceTree = "<group>"; };
		28E7D1C62647D66400C22C98 /* AccountViewController.swift */ = {isa = PBXFileReference; lastKnownFileType = sourcecode.swift; path = AccountViewController.swift; sourceTree = "<group>"; };
		28E7D1C92647D93800C22C98 /* ChatListTableViewController.swift */ = {isa = PBXFileReference; lastKnownFileType = sourcecode.swift; path = ChatListTableViewController.swift; sourceTree = "<group>"; };
		28E7D1CD2647D99F00C22C98 /* ChatListTableViewCell.swift */ = {isa = PBXFileReference; lastKnownFileType = sourcecode.swift; path = ChatListTableViewCell.swift; sourceTree = "<group>"; };
		28F7896B26562E60006CF37E /* ReplyViewController.swift */ = {isa = PBXFileReference; lastKnownFileType = sourcecode.swift; path = ReplyViewController.swift; sourceTree = "<group>"; };
		CC173DFE266E242200D46ABF /* FollowCollectionViewCell.swift */ = {isa = PBXFileReference; lastKnownFileType = sourcecode.swift; path = FollowCollectionViewCell.swift; sourceTree = "<group>"; };
		CC4BD8D9266B921F00A95A6E /* Delegate.swift */ = {isa = PBXFileReference; lastKnownFileType = sourcecode.swift; path = Delegate.swift; sourceTree = "<group>"; };
		CC9274A02667937E00ECC83D /* EnterUsernameViewController.swift */ = {isa = PBXFileReference; lastKnownFileType = sourcecode.swift; path = EnterUsernameViewController.swift; sourceTree = "<group>"; };
		CC995FFC2670935E0025484B /* EmptyEpisodesTableViewCell.swift */ = {isa = PBXFileReference; lastKnownFileType = sourcecode.swift; path = EmptyEpisodesTableViewCell.swift; sourceTree = "<group>"; };
		CCA0DA6F266B2B470016B95D /* ProfileSearchTableViewController.swift */ = {isa = PBXFileReference; lastKnownFileType = sourcecode.swift; path = ProfileSearchTableViewController.swift; sourceTree = "<group>"; };
		CCF081792670E7D800C44900 /* forgotPasswordViewController.swift */ = {isa = PBXFileReference; lastKnownFileType = sourcecode.swift; path = forgotPasswordViewController.swift; sourceTree = "<group>"; };
/* End PBXFileReference section */

/* Begin PBXFrameworksBuildPhase section */
		28BCA589263668000068822B /* Frameworks */ = {
			isa = PBXFrameworksBuildPhase;
			buildActionMask = 2147483647;
			files = (
				28BFC3FB263E34A70084A75A /* FirebaseFirestoreSwift-Beta in Frameworks */,
				28BFC3F7263E34A70084A75A /* FirebaseAuth in Frameworks */,
				28BFC3F9263E34A70084A75A /* FirebaseFirestore in Frameworks */,
				28BFC409263E414F0084A75A /* MessageKit in Frameworks */,
			);
			runOnlyForDeploymentPostprocessing = 0;
		};
/* End PBXFrameworksBuildPhase section */

/* Begin PBXGroup section */
		281B8C9B263CDB6300BFFE61 /* Decodable */ = {
			isa = PBXGroup;
			children = (
				281B8C9C263CDBA700BFFE61 /* SearchResultData.swift */,
				280A8CD22646A1AF00EF601E /* ListOfPodcastData.swift */,
				281B8C9F263CDC5100BFFE61 /* EpisodeData.swift */,
				281B8CA7263D479400BFFE61 /* PodcastData.swift */,
			);
			path = Decodable;
			sourceTree = "<group>";
		};
		28678B49264B71BE00C3681A /* Forum */ = {
			isa = PBXGroup;
			children = (
				28A6DD5D26494ABC004F5ECA /* ForumViewController.swift */,
				28F7896B26562E60006CF37E /* ReplyViewController.swift */,
				28C364B8264F7BFE0069984D /* ForumComment.swift */,
				28678B4D264B73FD00C3681A /* ForumChannel.swift */,
			);
			path = Forum;
			sourceTree = "<group>";
		};
		28BCA583263668000068822B = {
			isa = PBXGroup;
			children = (
				28BCA58E263668000068822B /* MICHAEL-LAIFU CHHUA-A4-FinalApplication */,
				28BCA58D263668000068822B /* Products */,
			);
			sourceTree = "<group>";
		};
		28BCA58D263668000068822B /* Products */ = {
			isa = PBXGroup;
			children = (
				28BCA58C263668000068822B /* MICHAEL-LAIFU CHHUA-A4-FinalApplication.app */,
			);
			name = Products;
			sourceTree = "<group>";
		};
		28BCA58E263668000068822B /* MICHAEL-LAIFU CHHUA-A4-FinalApplication */ = {
			isa = PBXGroup;
			children = (
				28BCA58F263668000068822B /* AppDelegate.swift */,
				28BCA591263668000068822B /* SceneDelegate.swift */,
				28BCA595263668010068822B /* Main.storyboard */,
				280A8CC72646379E00EF601E /* RecommendationViewController.swift */,
				28BCA5C026367CFC0068822B /* PlayerViewController.swift */,
				28BF9C3E265CE0320083C3D9 /* SpinnerViewController.swift */,
				28BCA5BD26367AF90068822B /* SettingsTableViewController.swift */,
				28BCA5BA263675DE0068822B /* EpisodeInfoViewController.swift */,
				28BCA5AF263672860068822B /* PodcastInfoViewController.swift */,
				28BCA5AC26366BD00068822B /* QueueTableViewController.swift */,
				CC92749F2667934200ECC83D /* Account */,
				28678B49264B71BE00C3681A /* Forum */,
				28E7D1CC2647D97500C22C98 /* Cells */,
				28BFC400263E40880084A75A /* MessageKit */,
				281B8C9B263CDB6300BFFE61 /* Decodable */,
				28BCA5A926366BA20068822B /* SearchTableViewController.swift */,
				28BCA5A52636698D0068822B /* HomeTableViewController.swift */,
				28D1B8DF2658C00700532833 /* Extensions.swift */,
				CC4BD8D9266B921F00A95A6E /* Delegate.swift */,
				28BCA598263668090068822B /* Assets.xcassets */,
				28BCA59A263668090068822B /* LaunchScreen.storyboard */,
				28BFC3FD263E3BF90084A75A /* GoogleService-Info.plist */,
				28BCA59D263668090068822B /* Info.plist */,
			);
			path = "MICHAEL-LAIFU CHHUA-A4-FinalApplication";
			sourceTree = "<group>";
		};
		28BFC400263E40880084A75A /* MessageKit */ = {
			isa = PBXGroup;
			children = (
				28E7D1C92647D93800C22C98 /* ChatListTableViewController.swift */,
				28BFC401263E409C0084A75A /* Channel.swift */,
				28BFC404263E40E10084A75A /* Sender.swift */,
				28BFC40B263E42F50084A75A /* ChatMessage.swift */,
				28C364B4264F63990069984D /* ChatMessagesViewController.swift */,
			);
			path = MessageKit;
			sourceTree = "<group>";
		};
		28E7D1CC2647D97500C22C98 /* Cells */ = {
			isa = PBXGroup;
			children = (
				280A8CCA26463FE200EF601E /* PodcastCollectionViewCell.swift */,
				28A6DD6026494B00004F5ECA /* ForumTableViewCell.swift */,
				CC173DFE266E242200D46ABF /* FollowCollectionViewCell.swift */,
				CC995FFC2670935E0025484B /* EmptyEpisodesTableViewCell.swift */,
				28C3C2A9265B9B41009B9B99 /* PodcastSearchTableViewCell.swift */,
				28BCA5C3263682F10068822B /* EpisodeTableViewCell.swift */,
				280D52CF2653A92400E9C845 /* CommentHeader.swift */,
				28DC00C52653AEAF000EF976 /* CommentHeader.xib */,
				28E7D1CD2647D99F00C22C98 /* ChatListTableViewCell.swift */,
				28A6DD522649169F004F5ECA /* SettingsTableViewCell.swift */,
			);
			path = Cells;
			sourceTree = "<group>";
		};
		CC92749F2667934200ECC83D /* Account */ = {
			isa = PBXGroup;
			children = (
				28E7D1C62647D66400C22C98 /* AccountViewController.swift */,
				28BFC40F263E45620084A75A /* LoginViewController.swift */,
				CCF081792670E7D800C44900 /* forgotPasswordViewController.swift */,
				CCA0DA6F266B2B470016B95D /* ProfileSearchTableViewController.swift */,
				28A6DD56264931B9004F5ECA /* CreateAccountViewController.swift */,
				CC9274A02667937E00ECC83D /* EnterUsernameViewController.swift */,
			);
			path = Account;
			sourceTree = "<group>";
		};
/* End PBXGroup section */

/* Begin PBXNativeTarget section */
		28BCA58B263668000068822B /* MICHAEL-LAIFU CHHUA-A4-FinalApplication */ = {
			isa = PBXNativeTarget;
			buildConfigurationList = 28BCA5A0263668090068822B /* Build configuration list for PBXNativeTarget "MICHAEL-LAIFU CHHUA-A4-FinalApplication" */;
			buildPhases = (
				28BCA588263668000068822B /* Sources */,
				28BCA589263668000068822B /* Frameworks */,
				28BCA58A263668000068822B /* Resources */,
			);
			buildRules = (
			);
			dependencies = (
			);
			name = "MICHAEL-LAIFU CHHUA-A4-FinalApplication";
			packageProductDependencies = (
				28BFC3F6263E34A70084A75A /* FirebaseAuth */,
				28BFC3F8263E34A70084A75A /* FirebaseFirestore */,
				28BFC3FA263E34A70084A75A /* FirebaseFirestoreSwift-Beta */,
				28BFC408263E414F0084A75A /* MessageKit */,
			);
			productName = "MICHAEL-LAIFU CHHUA-A3-Prototype1";
			productReference = 28BCA58C263668000068822B /* MICHAEL-LAIFU CHHUA-A4-FinalApplication.app */;
			productType = "com.apple.product-type.application";
		};
/* End PBXNativeTarget section */

/* Begin PBXProject section */
		28BCA584263668000068822B /* Project object */ = {
			isa = PBXProject;
			attributes = {
				LastSwiftUpdateCheck = 1240;
				LastUpgradeCheck = 1240;
				TargetAttributes = {
					28BCA58B263668000068822B = {
						CreatedOnToolsVersion = 12.4;
					};
				};
			};
			buildConfigurationList = 28BCA587263668000068822B /* Build configuration list for PBXProject "MICHAEL-LAIFU CHHUA-A4-FinalApplication" */;
			compatibilityVersion = "Xcode 9.3";
			developmentRegion = en;
			hasScannedForEncodings = 0;
			knownRegions = (
				en,
				Base,
			);
			mainGroup = 28BCA583263668000068822B;
			packageReferences = (
				28BFC3F5263E34A70084A75A /* XCRemoteSwiftPackageReference "firebase-ios-sdk" */,
				28BFC407263E414E0084A75A /* XCRemoteSwiftPackageReference "MessageKit" */,
			);
			productRefGroup = 28BCA58D263668000068822B /* Products */;
			projectDirPath = "";
			projectRoot = "";
			targets = (
				28BCA58B263668000068822B /* MICHAEL-LAIFU CHHUA-A4-FinalApplication */,
			);
		};
/* End PBXProject section */

/* Begin PBXResourcesBuildPhase section */
		28BCA58A263668000068822B /* Resources */ = {
			isa = PBXResourcesBuildPhase;
			buildActionMask = 2147483647;
			files = (
				28BCA59C263668090068822B /* LaunchScreen.storyboard in Resources */,
				28DC00C62653AEAF000EF976 /* CommentHeader.xib in Resources */,
				28BFC3FE263E3BF90084A75A /* GoogleService-Info.plist in Resources */,
				28BCA599263668090068822B /* Assets.xcassets in Resources */,
				28BCA597263668010068822B /* Main.storyboard in Resources */,
			);
			runOnlyForDeploymentPostprocessing = 0;
		};
/* End PBXResourcesBuildPhase section */

/* Begin PBXSourcesBuildPhase section */
		28BCA588263668000068822B /* Sources */ = {
			isa = PBXSourcesBuildPhase;
			buildActionMask = 2147483647;
			files = (
				28BCA5A62636698D0068822B /* HomeTableViewController.swift in Sources */,
				28BFC40C263E42F50084A75A /* ChatMessage.swift in Sources */,
				28C3C2AA265B9B41009B9B99 /* PodcastSearchTableViewCell.swift in Sources */,
				28C364B5264F63990069984D /* ChatMessagesViewController.swift in Sources */,
				28A6DD5E26494ABC004F5ECA /* ForumViewController.swift in Sources */,
				28D1B8E02658C00700532833 /* Extensions.swift in Sources */,
				28A6DD532649169F004F5ECA /* SettingsTableViewCell.swift in Sources */,
				28E7D1C72647D66400C22C98 /* AccountViewController.swift in Sources */,
				28BCA590263668000068822B /* AppDelegate.swift in Sources */,
				280A8CD32646A1AF00EF601E /* ListOfPodcastData.swift in Sources */,
				28C364B9264F7BFE0069984D /* ForumComment.swift in Sources */,
				CC995FFD2670935E0025484B /* EmptyEpisodesTableViewCell.swift in Sources */,
				CC173DFF266E242200D46ABF /* FollowCollectionViewCell.swift in Sources */,
				280A8CC82646379E00EF601E /* RecommendationViewController.swift in Sources */,
				CCF0817A2670E7D800C44900 /* forgotPasswordViewController.swift in Sources */,
				28F7896C26562E60006CF37E /* ReplyViewController.swift in Sources */,
				280D52D02653A92400E9C845 /* CommentHeader.swift in Sources */,
				28BCA592263668000068822B /* SceneDelegate.swift in Sources */,
				CCA0DA70266B2B470016B95D /* ProfileSearchTableViewController.swift in Sources */,
				28E7D1CE2647D99F00C22C98 /* ChatListTableViewCell.swift in Sources */,
				28BF9C3F265CE0320083C3D9 /* SpinnerViewController.swift in Sources */,
				281B8C9D263CDBA700BFFE61 /* SearchResultData.swift in Sources */,
				28BFC405263E40E10084A75A /* Sender.swift in Sources */,
				280A8CCB26463FE200EF601E /* PodcastCollectionViewCell.swift in Sources */,
				CC4BD8DA266B921F00A95A6E /* Delegate.swift in Sources */,
				28678B4E264B73FD00C3681A /* ForumChannel.swift in Sources */,
				28BCA5B0263672870068822B /* PodcastInfoViewController.swift in Sources */,
				28BCA5BE26367AF90068822B /* SettingsTableViewController.swift in Sources */,
				281B8CA8263D479400BFFE61 /* PodcastData.swift in Sources */,
				28BFC402263E409C0084A75A /* Channel.swift in Sources */,
				CC9274A12667937E00ECC83D /* EnterUsernameViewController.swift in Sources */,
				281B8CA0263CDC5100BFFE61 /* EpisodeData.swift in Sources */,
				28A6DD6126494B00004F5ECA /* ForumTableViewCell.swift in Sources */,
				28E7D1CA2647D93800C22C98 /* ChatListTableViewController.swift in Sources */,
				28BCA5C126367CFC0068822B /* PlayerViewController.swift in Sources */,
				28BCA5C4263682F10068822B /* EpisodeTableViewCell.swift in Sources */,
				28A6DD57264931B9004F5ECA /* CreateAccountViewController.swift in Sources */,
				28BFC410263E45620084A75A /* LoginViewController.swift in Sources */,
				28BCA5AD26366BD00068822B /* QueueTableViewController.swift in Sources */,
				28BCA5AA26366BA20068822B /* SearchTableViewController.swift in Sources */,
				28BCA5BB263675DE0068822B /* EpisodeInfoViewController.swift in Sources */,
			);
			runOnlyForDeploymentPostprocessing = 0;
		};
/* End PBXSourcesBuildPhase section */

/* Begin PBXVariantGroup section */
		28BCA595263668010068822B /* Main.storyboard */ = {
			isa = PBXVariantGroup;
			children = (
				28BCA596263668010068822B /* Base */,
			);
			name = Main.storyboard;
			sourceTree = "<group>";
		};
		28BCA59A263668090068822B /* LaunchScreen.storyboard */ = {
			isa = PBXVariantGroup;
			children = (
				28BCA59B263668090068822B /* Base */,
			);
			name = LaunchScreen.storyboard;
			sourceTree = "<group>";
		};
/* End PBXVariantGroup section */

/* Begin XCBuildConfiguration section */
		28BCA59E263668090068822B /* Debug */ = {
			isa = XCBuildConfiguration;
			buildSettings = {
				ALWAYS_SEARCH_USER_PATHS = NO;
				CLANG_ANALYZER_NONNULL = YES;
				CLANG_ANALYZER_NUMBER_OBJECT_CONVERSION = YES_AGGRESSIVE;
				CLANG_CXX_LANGUAGE_STANDARD = "gnu++14";
				CLANG_CXX_LIBRARY = "libc++";
				CLANG_ENABLE_MODULES = YES;
				CLANG_ENABLE_OBJC_ARC = YES;
				CLANG_ENABLE_OBJC_WEAK = YES;
				CLANG_WARN_BLOCK_CAPTURE_AUTORELEASING = YES;
				CLANG_WARN_BOOL_CONVERSION = YES;
				CLANG_WARN_COMMA = YES;
				CLANG_WARN_CONSTANT_CONVERSION = YES;
				CLANG_WARN_DEPRECATED_OBJC_IMPLEMENTATIONS = YES;
				CLANG_WARN_DIRECT_OBJC_ISA_USAGE = YES_ERROR;
				CLANG_WARN_DOCUMENTATION_COMMENTS = YES;
				CLANG_WARN_EMPTY_BODY = YES;
				CLANG_WARN_ENUM_CONVERSION = YES;
				CLANG_WARN_INFINITE_RECURSION = YES;
				CLANG_WARN_INT_CONVERSION = YES;
				CLANG_WARN_NON_LITERAL_NULL_CONVERSION = YES;
				CLANG_WARN_OBJC_IMPLICIT_RETAIN_SELF = YES;
				CLANG_WARN_OBJC_LITERAL_CONVERSION = YES;
				CLANG_WARN_OBJC_ROOT_CLASS = YES_ERROR;
				CLANG_WARN_QUOTED_INCLUDE_IN_FRAMEWORK_HEADER = YES;
				CLANG_WARN_RANGE_LOOP_ANALYSIS = YES;
				CLANG_WARN_STRICT_PROTOTYPES = YES;
				CLANG_WARN_SUSPICIOUS_MOVE = YES;
				CLANG_WARN_UNGUARDED_AVAILABILITY = YES_AGGRESSIVE;
				CLANG_WARN_UNREACHABLE_CODE = YES;
				CLANG_WARN__DUPLICATE_METHOD_MATCH = YES;
				COPY_PHASE_STRIP = NO;
				DEBUG_INFORMATION_FORMAT = dwarf;
				ENABLE_STRICT_OBJC_MSGSEND = YES;
				ENABLE_TESTABILITY = YES;
				GCC_C_LANGUAGE_STANDARD = gnu11;
				GCC_DYNAMIC_NO_PIC = NO;
				GCC_NO_COMMON_BLOCKS = YES;
				GCC_OPTIMIZATION_LEVEL = 0;
				GCC_PREPROCESSOR_DEFINITIONS = (
					"DEBUG=1",
					"$(inherited)",
				);
				GCC_WARN_64_TO_32_BIT_CONVERSION = YES;
				GCC_WARN_ABOUT_RETURN_TYPE = YES_ERROR;
				GCC_WARN_UNDECLARED_SELECTOR = YES;
				GCC_WARN_UNINITIALIZED_AUTOS = YES_AGGRESSIVE;
				GCC_WARN_UNUSED_FUNCTION = YES;
				GCC_WARN_UNUSED_VARIABLE = YES;
				IPHONEOS_DEPLOYMENT_TARGET = 14.4;
				MTL_ENABLE_DEBUG_INFO = INCLUDE_SOURCE;
				MTL_FAST_MATH = YES;
				ONLY_ACTIVE_ARCH = YES;
				SDKROOT = iphoneos;
				SWIFT_ACTIVE_COMPILATION_CONDITIONS = DEBUG;
				SWIFT_OPTIMIZATION_LEVEL = "-Onone";
			};
			name = Debug;
		};
		28BCA59F263668090068822B /* Release */ = {
			isa = XCBuildConfiguration;
			buildSettings = {
				ALWAYS_SEARCH_USER_PATHS = NO;
				CLANG_ANALYZER_NONNULL = YES;
				CLANG_ANALYZER_NUMBER_OBJECT_CONVERSION = YES_AGGRESSIVE;
				CLANG_CXX_LANGUAGE_STANDARD = "gnu++14";
				CLANG_CXX_LIBRARY = "libc++";
				CLANG_ENABLE_MODULES = YES;
				CLANG_ENABLE_OBJC_ARC = YES;
				CLANG_ENABLE_OBJC_WEAK = YES;
				CLANG_WARN_BLOCK_CAPTURE_AUTORELEASING = YES;
				CLANG_WARN_BOOL_CONVERSION = YES;
				CLANG_WARN_COMMA = YES;
				CLANG_WARN_CONSTANT_CONVERSION = YES;
				CLANG_WARN_DEPRECATED_OBJC_IMPLEMENTATIONS = YES;
				CLANG_WARN_DIRECT_OBJC_ISA_USAGE = YES_ERROR;
				CLANG_WARN_DOCUMENTATION_COMMENTS = YES;
				CLANG_WARN_EMPTY_BODY = YES;
				CLANG_WARN_ENUM_CONVERSION = YES;
				CLANG_WARN_INFINITE_RECURSION = YES;
				CLANG_WARN_INT_CONVERSION = YES;
				CLANG_WARN_NON_LITERAL_NULL_CONVERSION = YES;
				CLANG_WARN_OBJC_IMPLICIT_RETAIN_SELF = YES;
				CLANG_WARN_OBJC_LITERAL_CONVERSION = YES;
				CLANG_WARN_OBJC_ROOT_CLASS = YES_ERROR;
				CLANG_WARN_QUOTED_INCLUDE_IN_FRAMEWORK_HEADER = YES;
				CLANG_WARN_RANGE_LOOP_ANALYSIS = YES;
				CLANG_WARN_STRICT_PROTOTYPES = YES;
				CLANG_WARN_SUSPICIOUS_MOVE = YES;
				CLANG_WARN_UNGUARDED_AVAILABILITY = YES_AGGRESSIVE;
				CLANG_WARN_UNREACHABLE_CODE = YES;
				CLANG_WARN__DUPLICATE_METHOD_MATCH = YES;
				COPY_PHASE_STRIP = NO;
				DEBUG_INFORMATION_FORMAT = "dwarf-with-dsym";
				ENABLE_NS_ASSERTIONS = NO;
				ENABLE_STRICT_OBJC_MSGSEND = YES;
				GCC_C_LANGUAGE_STANDARD = gnu11;
				GCC_NO_COMMON_BLOCKS = YES;
				GCC_WARN_64_TO_32_BIT_CONVERSION = YES;
				GCC_WARN_ABOUT_RETURN_TYPE = YES_ERROR;
				GCC_WARN_UNDECLARED_SELECTOR = YES;
				GCC_WARN_UNINITIALIZED_AUTOS = YES_AGGRESSIVE;
				GCC_WARN_UNUSED_FUNCTION = YES;
				GCC_WARN_UNUSED_VARIABLE = YES;
				IPHONEOS_DEPLOYMENT_TARGET = 14.4;
				MTL_ENABLE_DEBUG_INFO = NO;
				MTL_FAST_MATH = YES;
				SDKROOT = iphoneos;
				SWIFT_COMPILATION_MODE = wholemodule;
				SWIFT_OPTIMIZATION_LEVEL = "-O";
				VALIDATE_PRODUCT = YES;
			};
			name = Release;
		};
		28BCA5A1263668090068822B /* Debug */ = {
			isa = XCBuildConfiguration;
			buildSettings = {
				ASSETCATALOG_COMPILER_APPICON_NAME = AppIcon;
				ASSETCATALOG_COMPILER_GLOBAL_ACCENT_COLOR_NAME = AccentColor;
				CODE_SIGN_IDENTITY = "Apple Development";
				CODE_SIGN_STYLE = Automatic;
				DEVELOPMENT_TEAM = "";
				INFOPLIST_FILE = "MICHAEL-LAIFU CHHUA-A4-FinalApplication/Info.plist";
				LD_RUNPATH_SEARCH_PATHS = (
					"$(inherited)",
					"@executable_path/Frameworks",
				);
				PRODUCT_BUNDLE_IDENTIFIER = "edu.monash.MICHAEL-LAIFU CHHUA-A4-FinalApplication";
				PRODUCT_NAME = "$(TARGET_NAME)";
				PROVISIONING_PROFILE_SPECIFIER = "";
				SWIFT_VERSION = 5.0;
				TARGETED_DEVICE_FAMILY = "1,2";
			};
			name = Debug;
		};
		28BCA5A2263668090068822B /* Release */ = {
			isa = XCBuildConfiguration;
			buildSettings = {
				ASSETCATALOG_COMPILER_APPICON_NAME = AppIcon;
				ASSETCATALOG_COMPILER_GLOBAL_ACCENT_COLOR_NAME = AccentColor;
				CODE_SIGN_IDENTITY = "Apple Development";
				CODE_SIGN_STYLE = Automatic;
				DEVELOPMENT_TEAM = "";
				INFOPLIST_FILE = "MICHAEL-LAIFU CHHUA-A4-FinalApplication/Info.plist";
				LD_RUNPATH_SEARCH_PATHS = (
					"$(inherited)",
					"@executable_path/Frameworks",
				);
				PRODUCT_BUNDLE_IDENTIFIER = "edu.monash.MICHAEL-LAIFU CHHUA-A4-FinalApplication";
				PRODUCT_NAME = "$(TARGET_NAME)";
				PROVISIONING_PROFILE_SPECIFIER = "";
				SWIFT_VERSION = 5.0;
				TARGETED_DEVICE_FAMILY = "1,2";
			};
			name = Release;
		};
/* End XCBuildConfiguration section */

/* Begin XCConfigurationList section */
		28BCA587263668000068822B /* Build configuration list for PBXProject "MICHAEL-LAIFU CHHUA-A4-FinalApplication" */ = {
			isa = XCConfigurationList;
			buildConfigurations = (
				28BCA59E263668090068822B /* Debug */,
				28BCA59F263668090068822B /* Release */,
			);
			defaultConfigurationIsVisible = 0;
			defaultConfigurationName = Release;
		};
		28BCA5A0263668090068822B /* Build configuration list for PBXNativeTarget "MICHAEL-LAIFU CHHUA-A4-FinalApplication" */ = {
			isa = XCConfigurationList;
			buildConfigurations = (
				28BCA5A1263668090068822B /* Debug */,
				28BCA5A2263668090068822B /* Release */,
			);
			defaultConfigurationIsVisible = 0;
			defaultConfigurationName = Release;
		};
/* End XCConfigurationList section */

/* Begin XCRemoteSwiftPackageReference section */
		28BFC3F5263E34A70084A75A /* XCRemoteSwiftPackageReference "firebase-ios-sdk" */ = {
			isa = XCRemoteSwiftPackageReference;
			repositoryURL = "https://github.com/firebase/firebase-ios-sdk.git";
			requirement = {
				kind = upToNextMajorVersion;
				minimumVersion = 7.11.1;
			};
		};
		28BFC407263E414E0084A75A /* XCRemoteSwiftPackageReference "MessageKit" */ = {
			isa = XCRemoteSwiftPackageReference;
			repositoryURL = "https://github.com/MessageKit/MessageKit";
			requirement = {
				kind = upToNextMajorVersion;
				minimumVersion = 3.6.0;
			};
		};
/* End XCRemoteSwiftPackageReference section */

/* Begin XCSwiftPackageProductDependency section */
		28BFC3F6263E34A70084A75A /* FirebaseAuth */ = {
			isa = XCSwiftPackageProductDependency;
			package = 28BFC3F5263E34A70084A75A /* XCRemoteSwiftPackageReference "firebase-ios-sdk" */;
			productName = FirebaseAuth;
		};
		28BFC3F8263E34A70084A75A /* FirebaseFirestore */ = {
			isa = XCSwiftPackageProductDependency;
			package = 28BFC3F5263E34A70084A75A /* XCRemoteSwiftPackageReference "firebase-ios-sdk" */;
			productName = FirebaseFirestore;
		};
		28BFC3FA263E34A70084A75A /* FirebaseFirestoreSwift-Beta */ = {
			isa = XCSwiftPackageProductDependency;
			package = 28BFC3F5263E34A70084A75A /* XCRemoteSwiftPackageReference "firebase-ios-sdk" */;
			productName = "FirebaseFirestoreSwift-Beta";
		};
		28BFC408263E414F0084A75A /* MessageKit */ = {
			isa = XCSwiftPackageProductDependency;
			package = 28BFC407263E414E0084A75A /* XCRemoteSwiftPackageReference "MessageKit" */;
			productName = MessageKit;
		};
/* End XCSwiftPackageProductDependency section */
	};
	rootObject = 28BCA584263668000068822B /* Project object */;
}
